
Microsoft Visual Studio Solution File, Format Version 12.00
# Visual Studio Version 17
VisualStudioVersion = 17.14.36301.6 d17.14
MinimumVisualStudioVersion = 10.0.40219.1
Project("{2150E333-8FDC-42A3-9474-1A3956D46DE8}") = "src", "src", "{02EA681E-C7D8-13C7-8484-4AC65E1B71E8}"
EndProject
Project("{FAE04EC0-301F-11D3-BF4B-00C04F79EFBC}") = "BootcampProject.Entities", "src\BootcampProject.Entities\BootcampProject.Entities.csproj", "{18776ECA-C931-4740-9811-7A23E5CF04D2}"
EndProject
Project("{FAE04EC0-301F-11D3-BF4B-00C04F79EFBC}") = "BootcampProject.Repositories", "src\BootcampProject.Repositories\BootcampProject.Repositories.csproj", "{042C7832-DC34-4830-9957-E1131855785E}"
EndProject
Project("{FAE04EC0-301F-11D3-BF4B-00C04F79EFBC}") = "BootcampProject.Business", "src\BootcampProject.Business\BootcampProject.Business.csproj", "{0649AC7A-2A0A-4D54-B3B2-A5C2986C2A08}"
EndProject
Project("{FAE04EC0-301F-11D3-BF4B-00C04F79EFBC}") = "BootcampProject.Core", "src\BootcampProject.Core\BootcampProject.Core.csproj", "{0CFD6AFD-A8EE-451A-9593-5580B59F5BA5}"
EndProject
Project("{FAE04EC0-301F-11D3-BF4B-00C04F79EFBC}") = "BootcampProject.WebAPI", "src\BootcampProject.WebAPI\BootcampProject.WebAPI.csproj", "{6572D978-D3D9-4A40-AF4E-F2CFB1CFEBBD}"
EndProject
Global
	GlobalSection(SolutionConfigurationPlatforms) = preSolution
		Debug|Any CPU = Debug|Any CPU
		Release|Any CPU = Release|Any CPU
	EndGlobalSection
	GlobalSection(ProjectConfigurationPlatforms) = postSolution
		{18776ECA-C931-4740-9811-7A23E5CF04D2}.Debug|Any CPU.ActiveCfg = Debug|Any CPU
		{18776ECA-C931-4740-9811-7A23E5CF04D2}.Debug|Any CPU.Build.0 = Debug|Any CPU
		{18776ECA-C931-4740-9811-7A23E5CF04D2}.Release|Any CPU.ActiveCfg = Release|Any CPU
		{18776ECA-C931-4740-9811-7A23E5CF04D2}.Release|Any CPU.Build.0 = Release|Any CPU
		{042C7832-DC34-4830-9957-E1131855785E}.Debug|Any CPU.ActiveCfg = Debug|Any CPU
		{042C7832-DC34-4830-9957-E1131855785E}.Debug|Any CPU.Build.0 = Debug|Any CPU
		{042C7832-DC34-4830-9957-E1131855785E}.Release|Any CPU.ActiveCfg = Release|Any CPU
		{042C7832-DC34-4830-9957-E1131855785E}.Release|Any CPU.Build.0 = Release|Any CPU
		{0649AC7A-2A0A-4D54-B3B2-A5C2986C2A08}.Debug|Any CPU.ActiveCfg = Debug|Any CPU
		{0649AC7A-2A0A-4D54-B3B2-A5C2986C2A08}.Debug|Any CPU.Build.0 = Debug|Any CPU
		{0649AC7A-2A0A-4D54-B3B2-A5C2986C2A08}.Release|Any CPU.ActiveCfg = Release|Any CPU
		{0649AC7A-2A0A-4D54-B3B2-A5C2986C2A08}.Release|Any CPU.Build.0 = Release|Any CPU
		{0CFD6AFD-A8EE-451A-9593-5580B59F5BA5}.Debug|Any CPU.ActiveCfg = Debug|Any CPU
		{0CFD6AFD-A8EE-451A-9593-5580B59F5BA5}.Debug|Any CPU.Build.0 = Debug|Any CPU
		{0CFD6AFD-A8EE-451A-9593-5580B59F5BA5}.Release|Any CPU.ActiveCfg = Release|Any CPU
		{0CFD6AFD-A8EE-451A-9593-5580B59F5BA5}.Release|Any CPU.Build.0 = Release|Any CPU
		{6572D978-D3D9-4A40-AF4E-F2CFB1CFEBBD}.Debug|Any CPU.ActiveCfg = Debug|Any CPU
		{6572D978-D3D9-4A40-AF4E-F2CFB1CFEBBD}.Debug|Any CPU.Build.0 = Debug|Any CPU
		{6572D978-D3D9-4A40-AF4E-F2CFB1CFEBBD}.Release|Any CPU.ActiveCfg = Release|Any CPU
		{6572D978-D3D9-4A40-AF4E-F2CFB1CFEBBD}.Release|Any CPU.Build.0 = Release|Any CPU
	EndGlobalSection
	GlobalSection(SolutionProperties) = preSolution
		HideSolutionNode = FALSE
	EndGlobalSection
	GlobalSection(NestedProjects) = preSolution
		{18776ECA-C931-4740-9811-7A23E5CF04D2} = {02EA681E-C7D8-13C7-8484-4AC65E1B71E8}
		{042C7832-DC34-4830-9957-E1131855785E} = {02EA681E-C7D8-13C7-8484-4AC65E1B71E8}
		{0649AC7A-2A0A-4D54-B3B2-A5C2986C2A08} = {02EA681E-C7D8-13C7-8484-4AC65E1B71E8}
	EndGlobalSection
	GlobalSection(ExtensibilityGlobals) = postSolution
		SolutionGuid = {FD6E7F90-E0A8-46C7-A94F-042AB3EE4CAB}
	EndGlobalSection
EndGlobal
